
Microsoft Visual Studio Solution File, Format Version 12.00
# Visual Studio Version 16
VisualStudioVersion = 16.0.32602.291
MinimumVisualStudioVersion = 10.0.40219.1
Project("{FAE04EC0-301F-11D3-BF4B-00C04F79EFBC}") = "nctcaugbatch", "nctcaugbatch.csproj", "{CEF28025-7696-43E9-BD64-DBF6A228E9B7}"
EndProject
Global
	GlobalSection(SolutionConfigurationPlatforms) = preSolution
		Debug|Any CPU = Debug|Any CPU
		Release|Any CPU = Release|Any CPU
	EndGlobalSection
	GlobalSection(ProjectConfigurationPlatforms) = postSolution
		{CEF28025-7696-43E9-BD64-DBF6A228E9B7}.Debug|Any CPU.ActiveCfg = Debug|Any CPU
		{CEF28025-7696-43E9-BD64-DBF6A228E9B7}.Debug|Any CPU.Build.0 = Debug|Any CPU
		{CEF28025-7696-43E9-BD64-DBF6A228E9B7}.Release|Any CPU.ActiveCfg = Release|Any CPU
		{CEF28025-7696-43E9-BD64-DBF6A228E9B7}.Release|Any CPU.Build.0 = Release|Any CPU
	EndGlobalSection
	GlobalSection(SolutionProperties) = preSolution
		HideSolutionNode = FALSE
	EndGlobalSection
	GlobalSection(ExtensibilityGlobals) = postSolution
		SolutionGuid = {6F107611-7345-42EE-A3C4-8D46E482C4BB}
	EndGlobalSection
EndGlobal
